
Microsoft Visual Studio Solution File, Format Version 11.00
# Visual Studio 2010
Project("{FAE04EC0-301F-11D3-BF4B-00C04F79EFBC}") = "LeanTransition", "LeanTransition.csproj", "{28DD4A4D-75CC-2188-9692-DB3892117FA2}"
EndProject
Project("{FAE04EC0-301F-11D3-BF4B-00C04F79EFBC}") = "Assembly-CSharp", "Assembly-CSharp.csproj", "{5B6E609B-56A0-7738-8BDA-DD0849F2DDEE}"
EndProject
Project("{FAE04EC0-301F-11D3-BF4B-00C04F79EFBC}") = "LeanCommon", "LeanCommon.csproj", "{F6E3F93D-AAA0-9CA7-712D-343FF9A8C43F}"
EndProject
Project("{FAE04EC0-301F-11D3-BF4B-00C04F79EFBC}") = "Assembly-CSharp-firstpass", "Assembly-CSharp-firstpass.csproj", "{DC679E53-A7EC-A396-8999-A1C2BE8AC0B4}"
EndProject
Project("{FAE04EC0-301F-11D3-BF4B-00C04F79EFBC}") = "Assembly-CSharp-Editor", "Assembly-CSharp-Editor.csproj", "{5301EDB1-0D98-D1A1-A2D2-55D41EF3C72C}"
EndProject
Global
	GlobalSection(SolutionConfigurationPlatforms) = preSolution
		Debug|Any CPU = Debug|Any CPU
		Release|Any CPU = Release|Any CPU
	EndGlobalSection
	GlobalSection(ProjectConfigurationPlatforms) = postSolution
		{28DD4A4D-75CC-2188-9692-DB3892117FA2}.Debug|Any CPU.ActiveCfg = Debug|Any CPU
		{28DD4A4D-75CC-2188-9692-DB3892117FA2}.Debug|Any CPU.Build.0 = Debug|Any CPU
		{28DD4A4D-75CC-2188-9692-DB3892117FA2}.Release|Any CPU.ActiveCfg = Release|Any CPU
		{28DD4A4D-75CC-2188-9692-DB3892117FA2}.Release|Any CPU.Build.0 = Release|Any CPU
		{5B6E609B-56A0-7738-8BDA-DD0849F2DDEE}.Debug|Any CPU.ActiveCfg = Debug|Any CPU
		{5B6E609B-56A0-7738-8BDA-DD0849F2DDEE}.Debug|Any CPU.Build.0 = Debug|Any CPU
		{5B6E609B-56A0-7738-8BDA-DD0849F2DDEE}.Release|Any CPU.ActiveCfg = Release|Any CPU
		{5B6E609B-56A0-7738-8BDA-DD0849F2DDEE}.Release|Any CPU.Build.0 = Release|Any CPU
		{F6E3F93D-AAA0-9CA7-712D-343FF9A8C43F}.Debug|Any CPU.ActiveCfg = Debug|Any CPU
		{F6E3F93D-AAA0-9CA7-712D-343FF9A8C43F}.Debug|Any CPU.Build.0 = Debug|Any CPU
		{F6E3F93D-AAA0-9CA7-712D-343FF9A8C43F}.Release|Any CPU.ActiveCfg = Release|Any CPU
		{F6E3F93D-AAA0-9CA7-712D-343FF9A8C43F}.Release|Any CPU.Build.0 = Release|Any CPU
		{DC679E53-A7EC-A396-8999-A1C2BE8AC0B4}.Debug|Any CPU.ActiveCfg = Debug|Any CPU
		{DC679E53-A7EC-A396-8999-A1C2BE8AC0B4}.Debug|Any CPU.Build.0 = Debug|Any CPU
		{DC679E53-A7EC-A396-8999-A1C2BE8AC0B4}.Release|Any CPU.ActiveCfg = Release|Any CPU
		{DC679E53-A7EC-A396-8999-A1C2BE8AC0B4}.Release|Any CPU.Build.0 = Release|Any CPU
		{5301EDB1-0D98-D1A1-A2D2-55D41EF3C72C}.Debug|Any CPU.ActiveCfg = Debug|Any CPU
		{5301EDB1-0D98-D1A1-A2D2-55D41EF3C72C}.Debug|Any CPU.Build.0 = Debug|Any CPU
		{5301EDB1-0D98-D1A1-A2D2-55D41EF3C72C}.Release|Any CPU.ActiveCfg = Release|Any CPU
		{5301EDB1-0D98-D1A1-A2D2-55D41EF3C72C}.Release|Any CPU.Build.0 = Release|Any CPU
	EndGlobalSection
	GlobalSection(SolutionProperties) = preSolution
		HideSolutionNode = FALSE
	EndGlobalSection
EndGlobal
