
Microsoft Visual Studio Solution File, Format Version 11.00
# Visual Studio 2010
Project("{FAE04EC0-301F-11D3-BF4B-00C04F79EFBC}") = "Assembly-CSharp", "Assembly-CSharp.csproj", "{EA3967F7-50E7-38E2-918B-77135E3832F7}"
EndProject
Project("{FAE04EC0-301F-11D3-BF4B-00C04F79EFBC}") = "Assembly-CSharp-firstpass", "Assembly-CSharp-firstpass.csproj", "{542459C3-AB26-3043-BAFE-9F56205AAE06}"
EndProject
Global
	GlobalSection(SolutionConfigurationPlatforms) = preSolution
		Debug|Any CPU = Debug|Any CPU
		Release|Any CPU = Release|Any CPU
	EndGlobalSection
	GlobalSection(ProjectConfigurationPlatforms) = postSolution
		{EA3967F7-50E7-38E2-918B-77135E3832F7}.Debug|Any CPU.ActiveCfg = Debug|Any CPU
		{EA3967F7-50E7-38E2-918B-77135E3832F7}.Debug|Any CPU.Build.0 = Debug|Any CPU
		{EA3967F7-50E7-38E2-918B-77135E3832F7}.Release|Any CPU.ActiveCfg = Release|Any CPU
		{EA3967F7-50E7-38E2-918B-77135E3832F7}.Release|Any CPU.Build.0 = Release|Any CPU
		{542459C3-AB26-3043-BAFE-9F56205AAE06}.Debug|Any CPU.ActiveCfg = Debug|Any CPU
		{542459C3-AB26-3043-BAFE-9F56205AAE06}.Debug|Any CPU.Build.0 = Debug|Any CPU
		{542459C3-AB26-3043-BAFE-9F56205AAE06}.Release|Any CPU.ActiveCfg = Release|Any CPU
		{542459C3-AB26-3043-BAFE-9F56205AAE06}.Release|Any CPU.Build.0 = Release|Any CPU
	EndGlobalSection
	GlobalSection(SolutionProperties) = preSolution
		HideSolutionNode = FALSE
	EndGlobalSection
EndGlobal
